
Microsoft Visual Studio Solution File, Format Version 12.00
# Visual Studio 15
VisualStudioVersion = 15.0.28307.421
MinimumVisualStudioVersion = 10.0.40219.1
Project("{FAE04EC0-301F-11D3-BF4B-00C04F79EFBC}") = "VisualStudioHelloWorld.App", "VisualStudioHelloWorld.App\VisualStudioHelloWorld.App.csproj", "{2094E72E-029B-4AED-896C-242A0499B825}"
EndProject
Global
	GlobalSection(SolutionConfigurationPlatforms) = preSolution
		Debug|Any CPU = Debug|Any CPU
		Release|Any CPU = Release|Any CPU
	EndGlobalSection
	GlobalSection(ProjectConfigurationPlatforms) = postSolution
		{2094E72E-029B-4AED-896C-242A0499B825}.Debug|Any CPU.ActiveCfg = Debug|Any CPU
		{2094E72E-029B-4AED-896C-242A0499B825}.Debug|Any CPU.Build.0 = Debug|Any CPU
		{2094E72E-029B-4AED-896C-242A0499B825}.Release|Any CPU.ActiveCfg = Release|Any CPU
		{2094E72E-029B-4AED-896C-242A0499B825}.Release|Any CPU.Build.0 = Release|Any CPU
	EndGlobalSection
	GlobalSection(SolutionProperties) = preSolution
		HideSolutionNode = FALSE
	EndGlobalSection
	GlobalSection(ExtensibilityGlobals) = postSolution
		SolutionGuid = {00DDD02B-B288-4023-9C67-E030CE5706DB}
	EndGlobalSection
EndGlobal
