
Microsoft Visual Studio Solution File, Format Version 12.00
# Visual Studio 15
VisualStudioVersion = 15.0.28307.489
MinimumVisualStudioVersion = 10.0.40219.1
Project("{FAE04EC0-301F-11D3-BF4B-00C04F79EFBC}") = "CharacterRestConsumer", "CharacterRestConsumer\CharacterRestConsumer.csproj", "{84F4DA17-8519-44F2-9EDB-A29694EC8BF9}"
EndProject
Global
	GlobalSection(SolutionConfigurationPlatforms) = preSolution
		Debug|Any CPU = Debug|Any CPU
		Release|Any CPU = Release|Any CPU
	EndGlobalSection
	GlobalSection(ProjectConfigurationPlatforms) = postSolution
		{84F4DA17-8519-44F2-9EDB-A29694EC8BF9}.Debug|Any CPU.ActiveCfg = Debug|Any CPU
		{84F4DA17-8519-44F2-9EDB-A29694EC8BF9}.Debug|Any CPU.Build.0 = Debug|Any CPU
		{84F4DA17-8519-44F2-9EDB-A29694EC8BF9}.Release|Any CPU.ActiveCfg = Release|Any CPU
		{84F4DA17-8519-44F2-9EDB-A29694EC8BF9}.Release|Any CPU.Build.0 = Release|Any CPU
	EndGlobalSection
	GlobalSection(SolutionProperties) = preSolution
		HideSolutionNode = FALSE
	EndGlobalSection
	GlobalSection(ExtensibilityGlobals) = postSolution
		SolutionGuid = {8305970A-F66A-423A-ADCE-25BBC22812FF}
	EndGlobalSection
EndGlobal
